
Microsoft Visual Studio Solution File, Format Version 12.00
# Visual Studio Version 17
VisualStudioVersion = 17.1.31903.286
MinimumVisualStudioVersion = 10.0.40219.1
Project("{2150E333-8FDC-42A3-9474-1A3956D46DE8}") = "Solution Items", "Solution Items", "{0BDCA87F-9C4A-488F-A1BA-116C9038A906}"
	ProjectSection(SolutionItems) = preProject
		.editorconfig = .editorconfig
	EndProjectSection
EndProject
Project("{9A19103F-16F7-4668-BE54-9A1E7A4F7556}") = "Orka.Tests", "src\Orka.Tests\Orka.Tests.csproj", "{034825D3-0199-4D9D-A2B4-6B9986A1C647}"
EndProject
Project("{9A19103F-16F7-4668-BE54-9A1E7A4F7556}") = "Orka.Sample", "src\Orka.Sample\Orka.Sample.csproj", "{ADFB06C1-8ACD-4354-AFC7-656C7352D6D3}"
EndProject
Project("{FAE04EC0-301F-11D3-BF4B-00C04F79EFBC}") = "Orka.Bot", "src\Orka.Bot\Orka.Bot.csproj", "{4757BC9C-601D-4B2B-A9A6-4C2BA7BDFE88}"
EndProject
Project("{9A19103F-16F7-4668-BE54-9A1E7A4F7556}") = "Orka.Core", "src\Orka.Core\Orka.Core.csproj", "{9EA0607C-B6D4-4B34-91D6-431A7D7AE2FD}"
EndProject
Global
	GlobalSection(SolutionConfigurationPlatforms) = preSolution
		Debug|Any CPU = Debug|Any CPU
		Release|Any CPU = Release|Any CPU
	EndGlobalSection
	GlobalSection(ProjectConfigurationPlatforms) = postSolution
		{034825D3-0199-4D9D-A2B4-6B9986A1C647}.Debug|Any CPU.ActiveCfg = Debug|Any CPU
		{034825D3-0199-4D9D-A2B4-6B9986A1C647}.Debug|Any CPU.Build.0 = Debug|Any CPU
		{034825D3-0199-4D9D-A2B4-6B9986A1C647}.Release|Any CPU.ActiveCfg = Release|Any CPU
		{034825D3-0199-4D9D-A2B4-6B9986A1C647}.Release|Any CPU.Build.0 = Release|Any CPU
		{ADFB06C1-8ACD-4354-AFC7-656C7352D6D3}.Debug|Any CPU.ActiveCfg = Debug|Any CPU
		{ADFB06C1-8ACD-4354-AFC7-656C7352D6D3}.Debug|Any CPU.Build.0 = Debug|Any CPU
		{ADFB06C1-8ACD-4354-AFC7-656C7352D6D3}.Release|Any CPU.ActiveCfg = Release|Any CPU
		{ADFB06C1-8ACD-4354-AFC7-656C7352D6D3}.Release|Any CPU.Build.0 = Release|Any CPU
		{4757BC9C-601D-4B2B-A9A6-4C2BA7BDFE88}.Debug|Any CPU.ActiveCfg = Debug|Any CPU
		{4757BC9C-601D-4B2B-A9A6-4C2BA7BDFE88}.Debug|Any CPU.Build.0 = Debug|Any CPU
		{4757BC9C-601D-4B2B-A9A6-4C2BA7BDFE88}.Release|Any CPU.ActiveCfg = Release|Any CPU
		{4757BC9C-601D-4B2B-A9A6-4C2BA7BDFE88}.Release|Any CPU.Build.0 = Release|Any CPU
		{9EA0607C-B6D4-4B34-91D6-431A7D7AE2FD}.Debug|Any CPU.ActiveCfg = Debug|Any CPU
		{9EA0607C-B6D4-4B34-91D6-431A7D7AE2FD}.Debug|Any CPU.Build.0 = Debug|Any CPU
		{9EA0607C-B6D4-4B34-91D6-431A7D7AE2FD}.Release|Any CPU.ActiveCfg = Release|Any CPU
		{9EA0607C-B6D4-4B34-91D6-431A7D7AE2FD}.Release|Any CPU.Build.0 = Release|Any CPU
	EndGlobalSection
	GlobalSection(SolutionProperties) = preSolution
		HideSolutionNode = FALSE
	EndGlobalSection
	GlobalSection(ExtensibilityGlobals) = postSolution
		SolutionGuid = {0013E72D-CFE4-4E2C-8801-4D7982451ACA}
	EndGlobalSection
EndGlobal
