
Microsoft Visual Studio Solution File, Format Version 12.00
# Visual Studio Version 17
VisualStudioVersion = 17.1.31903.286
MinimumVisualStudioVersion = 10.0.40219.1
Project("{9A19103F-16F7-4668-BE54-9A1E7A4F7556}") = "Orka", "Orka\Orka.csproj", "{D9B2BE28-E8D3-4F9D-8593-4C0AB97A1A33}"
EndProject
Project("{2150E333-8FDC-42A3-9474-1A3956D46DE8}") = "Solution Items", "Solution Items", "{0BDCA87F-9C4A-488F-A1BA-116C9038A906}"
	ProjectSection(SolutionItems) = preProject
		.editorconfig = .editorconfig
	EndProjectSection
EndProject
Project("{FAE04EC0-301F-11D3-BF4B-00C04F79EFBC}") = "Orka.Sample", "src\Orka.Sample\Orka.Sample.csproj", "{6C575208-EB60-41D2-BDFF-FCA1990C254A}"
EndProject
Global
	GlobalSection(SolutionConfigurationPlatforms) = preSolution
		Debug|Any CPU = Debug|Any CPU
		Release|Any CPU = Release|Any CPU
	EndGlobalSection
	GlobalSection(ProjectConfigurationPlatforms) = postSolution
		{D9B2BE28-E8D3-4F9D-8593-4C0AB97A1A33}.Debug|Any CPU.ActiveCfg = Debug|Any CPU
		{D9B2BE28-E8D3-4F9D-8593-4C0AB97A1A33}.Debug|Any CPU.Build.0 = Debug|Any CPU
		{D9B2BE28-E8D3-4F9D-8593-4C0AB97A1A33}.Release|Any CPU.ActiveCfg = Release|Any CPU
		{D9B2BE28-E8D3-4F9D-8593-4C0AB97A1A33}.Release|Any CPU.Build.0 = Release|Any CPU
		{6C575208-EB60-41D2-BDFF-FCA1990C254A}.Debug|Any CPU.ActiveCfg = Debug|Any CPU
		{6C575208-EB60-41D2-BDFF-FCA1990C254A}.Debug|Any CPU.Build.0 = Debug|Any CPU
		{6C575208-EB60-41D2-BDFF-FCA1990C254A}.Release|Any CPU.ActiveCfg = Release|Any CPU
		{6C575208-EB60-41D2-BDFF-FCA1990C254A}.Release|Any CPU.Build.0 = Release|Any CPU
	EndGlobalSection
	GlobalSection(SolutionProperties) = preSolution
		HideSolutionNode = FALSE
	EndGlobalSection
	GlobalSection(ExtensibilityGlobals) = postSolution
		SolutionGuid = {0013E72D-CFE4-4E2C-8801-4D7982451ACA}
	EndGlobalSection
EndGlobal
