
Microsoft Visual Studio Solution File, Format Version 12.00
# Visual Studio Version 17
VisualStudioVersion = 17.1.31903.286
MinimumVisualStudioVersion = 10.0.40219.1
Project("{2150E333-8FDC-42A3-9474-1A3956D46DE8}") = "Solution Items", "Solution Items", "{0BDCA87F-9C4A-488F-A1BA-116C9038A906}"
	ProjectSection(SolutionItems) = preProject
		.editorconfig = .editorconfig
	EndProjectSection
EndProject
Project("{9A19103F-16F7-4668-BE54-9A1E7A4F7556}") = "Orka.Sample", "src\Orka.Sample\Orka.Sample.csproj", "{6C575208-EB60-41D2-BDFF-FCA1990C254A}"
EndProject
Project("{9A19103F-16F7-4668-BE54-9A1E7A4F7556}") = "Orka", "src\Orka\Orka.csproj", "{4CFD03FA-9BDB-4018-ADBF-848F85305BED}"
EndProject
Project("{FAE04EC0-301F-11D3-BF4B-00C04F79EFBC}") = "Orka.Tests", "src\Orka.Tests\Orka.Tests.csproj", "{034825D3-0199-4D9D-A2B4-6B9986A1C647}"
EndProject
Global
	GlobalSection(SolutionConfigurationPlatforms) = preSolution
		Debug|Any CPU = Debug|Any CPU
		Release|Any CPU = Release|Any CPU
	EndGlobalSection
	GlobalSection(ProjectConfigurationPlatforms) = postSolution
		{6C575208-EB60-41D2-BDFF-FCA1990C254A}.Debug|Any CPU.ActiveCfg = Debug|Any CPU
		{6C575208-EB60-41D2-BDFF-FCA1990C254A}.Debug|Any CPU.Build.0 = Debug|Any CPU
		{6C575208-EB60-41D2-BDFF-FCA1990C254A}.Release|Any CPU.ActiveCfg = Release|Any CPU
		{6C575208-EB60-41D2-BDFF-FCA1990C254A}.Release|Any CPU.Build.0 = Release|Any CPU
		{4CFD03FA-9BDB-4018-ADBF-848F85305BED}.Debug|Any CPU.ActiveCfg = Debug|Any CPU
		{4CFD03FA-9BDB-4018-ADBF-848F85305BED}.Debug|Any CPU.Build.0 = Debug|Any CPU
		{4CFD03FA-9BDB-4018-ADBF-848F85305BED}.Release|Any CPU.ActiveCfg = Release|Any CPU
		{4CFD03FA-9BDB-4018-ADBF-848F85305BED}.Release|Any CPU.Build.0 = Release|Any CPU
		{034825D3-0199-4D9D-A2B4-6B9986A1C647}.Debug|Any CPU.ActiveCfg = Debug|Any CPU
		{034825D3-0199-4D9D-A2B4-6B9986A1C647}.Debug|Any CPU.Build.0 = Debug|Any CPU
		{034825D3-0199-4D9D-A2B4-6B9986A1C647}.Release|Any CPU.ActiveCfg = Release|Any CPU
		{034825D3-0199-4D9D-A2B4-6B9986A1C647}.Release|Any CPU.Build.0 = Release|Any CPU
	EndGlobalSection
	GlobalSection(SolutionProperties) = preSolution
		HideSolutionNode = FALSE
	EndGlobalSection
	GlobalSection(ExtensibilityGlobals) = postSolution
		SolutionGuid = {0013E72D-CFE4-4E2C-8801-4D7982451ACA}
	EndGlobalSection
EndGlobal
